// !$*UTF8*$!
{
	archiveVersion = 1;
	classes = {
	};
	objectVersion = 50;
	objects = {

/* Begin PBXBuildFile section */
		0800991124A0C6EC00B482DB /* AppDelegate.swift in Sources */ = {isa = PBXBuildFile; fileRef = 0800991024A0C6EC00B482DB /* AppDelegate.swift */; };
		0800991324A0C6EC00B482DB /* SceneDelegate.swift in Sources */ = {isa = PBXBuildFile; fileRef = 0800991224A0C6EC00B482DB /* SceneDelegate.swift */; };
		0800991524A0C6EC00B482DB /* ViewController.swift in Sources */ = {isa = PBXBuildFile; fileRef = 0800991424A0C6EC00B482DB /* ViewController.swift */; };
		0800991824A0C6EC00B482DB /* Main.storyboard in Resources */ = {isa = PBXBuildFile; fileRef = 0800991624A0C6EC00B482DB /* Main.storyboard */; };
		0800991A24A0C6ED00B482DB /* Assets.xcassets in Resources */ = {isa = PBXBuildFile; fileRef = 0800991924A0C6ED00B482DB /* Assets.xcassets */; };
		0800991D24A0C6ED00B482DB /* LaunchScreen.storyboard in Resources */ = {isa = PBXBuildFile; fileRef = 0800991B24A0C6ED00B482DB /* LaunchScreen.storyboard */; };
		0800992A24A0D03900B482DB /* NavigationBarViewController.swift in Sources */ = {isa = PBXBuildFile; fileRef = 0800992824A0D03900B482DB /* NavigationBarViewController.swift */; };
		0800992B24A0D03900B482DB /* NavigationBarViewController.xib in Resources */ = {isa = PBXBuildFile; fileRef = 0800992924A0D03900B482DB /* NavigationBarViewController.xib */; };
		0800992D24A0DDB100B482DB /* ImageCollectionViewController.swift in Sources */ = {isa = PBXBuildFile; fileRef = 0800992C24A0DDB100B482DB /* ImageCollectionViewController.swift */; };
		0800992F24A0DE2600B482DB /* ImageCollectionViewCell.swift in Sources */ = {isa = PBXBuildFile; fileRef = 0800992E24A0DE2600B482DB /* ImageCollectionViewCell.swift */; };
		0800993124A2025C00B482DB /* MoreTableViewController.swift in Sources */ = {isa = PBXBuildFile; fileRef = 0800993024A2025C00B482DB /* MoreTableViewController.swift */; };
		0800993524A209D600B482DB /* MoreTableViewCell.swift in Sources */ = {isa = PBXBuildFile; fileRef = 0800993324A209D600B482DB /* MoreTableViewCell.swift */; };
		0800993624A209D600B482DB /* MoreTableViewCell.xib in Resources */ = {isa = PBXBuildFile; fileRef = 0800993424A209D600B482DB /* MoreTableViewCell.xib */; };
		082C9C5D24ADF29100EFE33C /* CoreLogic.framework in Frameworks */ = {isa = PBXBuildFile; fileRef = 082C9C5C24ADF29100EFE33C /* CoreLogic.framework */; };
		082C9C5F24AF381900EFE33C /* ImageFetcher.swift in Sources */ = {isa = PBXBuildFile; fileRef = 082C9C5E24AF381900EFE33C /* ImageFetcher.swift */; };
		082C9C6124AF3B9800EFE33C /* ImageUIComposer.swift in Sources */ = {isa = PBXBuildFile; fileRef = 082C9C6024AF3B9800EFE33C /* ImageUIComposer.swift */; };
/* End PBXBuildFile section */

/* Begin PBXFileReference section */
		0800990D24A0C6EC00B482DB /* Image.app */ = {isa = PBXFileReference; explicitFileType = wrapper.application; includeInIndex = 0; path = Image.app; sourceTree = BUILT_PRODUCTS_DIR; };
		0800991024A0C6EC00B482DB /* AppDelegate.swift */ = {isa = PBXFileReference; lastKnownFileType = sourcecode.swift; path = AppDelegate.swift; sourceTree = "<group>"; };
		0800991224A0C6EC00B482DB /* SceneDelegate.swift */ = {isa = PBXFileReference; lastKnownFileType = sourcecode.swift; path = SceneDelegate.swift; sourceTree = "<group>"; };
		0800991424A0C6EC00B482DB /* ViewController.swift */ = {isa = PBXFileReference; lastKnownFileType = sourcecode.swift; path = ViewController.swift; sourceTree = "<group>"; };
		0800991724A0C6EC00B482DB /* Base */ = {isa = PBXFileReference; lastKnownFileType = file.storyboard; name = Base; path = Base.lproj/Main.storyboard; sourceTree = "<group>"; };
		0800991924A0C6ED00B482DB /* Assets.xcassets */ = {isa = PBXFileReference; lastKnownFileType = folder.assetcatalog; path = Assets.xcassets; sourceTree = "<group>"; };
		0800991C24A0C6ED00B482DB /* Base */ = {isa = PBXFileReference; lastKnownFileType = file.storyboard; name = Base; path = Base.lproj/LaunchScreen.storyboard; sourceTree = "<group>"; };
		0800991E24A0C6ED00B482DB /* Info.plist */ = {isa = PBXFileReference; lastKnownFileType = text.plist.xml; path = Info.plist; sourceTree = "<group>"; };
		0800992824A0D03900B482DB /* NavigationBarViewController.swift */ = {isa = PBXFileReference; lastKnownFileType = sourcecode.swift; path = NavigationBarViewController.swift; sourceTree = "<group>"; };
		0800992924A0D03900B482DB /* NavigationBarViewController.xib */ = {isa = PBXFileReference; lastKnownFileType = file.xib; path = NavigationBarViewController.xib; sourceTree = "<group>"; };
		0800992C24A0DDB100B482DB /* ImageCollectionViewController.swift */ = {isa = PBXFileReference; lastKnownFileType = sourcecode.swift; path = ImageCollectionViewController.swift; sourceTree = "<group>"; };
		0800992E24A0DE2600B482DB /* ImageCollectionViewCell.swift */ = {isa = PBXFileReference; lastKnownFileType = sourcecode.swift; path = ImageCollectionViewCell.swift; sourceTree = "<group>"; };
		0800993024A2025C00B482DB /* MoreTableViewController.swift */ = {isa = PBXFileReference; lastKnownFileType = sourcecode.swift; path = MoreTableViewController.swift; sourceTree = "<group>"; };
		0800993324A209D600B482DB /* MoreTableViewCell.swift */ = {isa = PBXFileReference; lastKnownFileType = sourcecode.swift; path = MoreTableViewCell.swift; sourceTree = "<group>"; };
		0800993424A209D600B482DB /* MoreTableViewCell.xib */ = {isa = PBXFileReference; lastKnownFileType = file.xib; path = MoreTableViewCell.xib; sourceTree = "<group>"; };
		082C9C5C24ADF29100EFE33C /* CoreLogic.framework */ = {isa = PBXFileReference; explicitFileType = wrapper.framework; path = CoreLogic.framework; sourceTree = BUILT_PRODUCTS_DIR; };
		082C9C5E24AF381900EFE33C /* ImageFetcher.swift */ = {isa = PBXFileReference; lastKnownFileType = sourcecode.swift; path = ImageFetcher.swift; sourceTree = "<group>"; };
		082C9C6024AF3B9800EFE33C /* ImageUIComposer.swift */ = {isa = PBXFileReference; lastKnownFileType = sourcecode.swift; path = ImageUIComposer.swift; sourceTree = "<group>"; };
		08999E6024ADF0BC007188F9 /* CoreLogic.framework */ = {isa = PBXFileReference; explicitFileType = wrapper.framework; path = CoreLogic.framework; sourceTree = BUILT_PRODUCTS_DIR; };
/* End PBXFileReference section */

/* Begin PBXFrameworksBuildPhase section */
		0800990A24A0C6EC00B482DB /* Frameworks */ = {
			isa = PBXFrameworksBuildPhase;
			buildActionMask = 2147483647;
			files = (
				082C9C5D24ADF29100EFE33C /* CoreLogic.framework in Frameworks */,
			);
			runOnlyForDeploymentPostprocessing = 0;
		};
/* End PBXFrameworksBuildPhase section */

/* Begin PBXGroup section */
		0800990424A0C6EC00B482DB = {
			isa = PBXGroup;
			children = (
				0800990F24A0C6EC00B482DB /* Image */,
				0800990E24A0C6EC00B482DB /* Products */,
				08999E5F24ADF0BC007188F9 /* Frameworks */,
			);
			sourceTree = "<group>";
		};
		0800990E24A0C6EC00B482DB /* Products */ = {
			isa = PBXGroup;
			children = (
				0800990D24A0C6EC00B482DB /* Image.app */,
			);
			name = Products;
			sourceTree = "<group>";
		};
		0800990F24A0C6EC00B482DB /* Image */ = {
			isa = PBXGroup;
			children = (
				0800991024A0C6EC00B482DB /* AppDelegate.swift */,
				0800991224A0C6EC00B482DB /* SceneDelegate.swift */,
				0800991424A0C6EC00B482DB /* ViewController.swift */,
				0800992E24A0DE2600B482DB /* ImageCollectionViewCell.swift */,
				0800993024A2025C00B482DB /* MoreTableViewController.swift */,
				0800993224A209C200B482DB /* cell */,
				0800992C24A0DDB100B482DB /* ImageCollectionViewController.swift */,
				082C9C5E24AF381900EFE33C /* ImageFetcher.swift */,
				082C9C6024AF3B9800EFE33C /* ImageUIComposer.swift */,
				0800992824A0D03900B482DB /* NavigationBarViewController.swift */,
				0800992924A0D03900B482DB /* NavigationBarViewController.xib */,
				0800991624A0C6EC00B482DB /* Main.storyboard */,
				0800991924A0C6ED00B482DB /* Assets.xcassets */,
				0800991B24A0C6ED00B482DB /* LaunchScreen.storyboard */,
				0800991E24A0C6ED00B482DB /* Info.plist */,
			);
			path = Image;
			sourceTree = "<group>";
		};
		0800993224A209C200B482DB /* cell */ = {
			isa = PBXGroup;
			children = (
				0800993324A209D600B482DB /* MoreTableViewCell.swift */,
				0800993424A209D600B482DB /* MoreTableViewCell.xib */,
			);
			path = cell;
			sourceTree = "<group>";
		};
		08999E5F24ADF0BC007188F9 /* Frameworks */ = {
			isa = PBXGroup;
			children = (
				082C9C5C24ADF29100EFE33C /* CoreLogic.framework */,
				08999E6024ADF0BC007188F9 /* CoreLogic.framework */,
			);
			name = Frameworks;
			sourceTree = "<group>";
		};
/* End PBXGroup section */

/* Begin PBXNativeTarget section */
		0800990C24A0C6EC00B482DB /* Image */ = {
			isa = PBXNativeTarget;
			buildConfigurationList = 0800992124A0C6ED00B482DB /* Build configuration list for PBXNativeTarget "Image" */;
			buildPhases = (
				0800990924A0C6EC00B482DB /* Sources */,
				0800990A24A0C6EC00B482DB /* Frameworks */,
				0800990B24A0C6EC00B482DB /* Resources */,
			);
			buildRules = (
			);
			dependencies = (
			);
			name = Image;
			productName = Image;
			productReference = 0800990D24A0C6EC00B482DB /* Image.app */;
			productType = "com.apple.product-type.application";
		};
/* End PBXNativeTarget section */

/* Begin PBXProject section */
		0800990524A0C6EC00B482DB /* Project object */ = {
			isa = PBXProject;
			attributes = {
				LastSwiftUpdateCheck = 1150;
				LastUpgradeCheck = 1150;
				ORGANIZATIONNAME = "Камиль Бакаев";
				TargetAttributes = {
					0800990C24A0C6EC00B482DB = {
						CreatedOnToolsVersion = 11.5;
					};
				};
			};
			buildConfigurationList = 0800990824A0C6EC00B482DB /* Build configuration list for PBXProject "Image" */;
			compatibilityVersion = "Xcode 9.3";
			developmentRegion = en;
			hasScannedForEncodings = 0;
			knownRegions = (
				en,
				Base,
			);
			mainGroup = 0800990424A0C6EC00B482DB;
			productRefGroup = 0800990E24A0C6EC00B482DB /* Products */;
			projectDirPath = "";
			projectRoot = "";
			targets = (
				0800990C24A0C6EC00B482DB /* Image */,
			);
		};
/* End PBXProject section */

/* Begin PBXResourcesBuildPhase section */
		0800990B24A0C6EC00B482DB /* Resources */ = {
			isa = PBXResourcesBuildPhase;
			buildActionMask = 2147483647;
			files = (
				0800992B24A0D03900B482DB /* NavigationBarViewController.xib in Resources */,
				0800993624A209D600B482DB /* MoreTableViewCell.xib in Resources */,
				0800991D24A0C6ED00B482DB /* LaunchScreen.storyboard in Resources */,
				0800991A24A0C6ED00B482DB /* Assets.xcassets in Resources */,
				0800991824A0C6EC00B482DB /* Main.storyboard in Resources */,
			);
			runOnlyForDeploymentPostprocessing = 0;
		};
/* End PBXResourcesBuildPhase section */

/* Begin PBXSourcesBuildPhase section */
		0800990924A0C6EC00B482DB /* Sources */ = {
			isa = PBXSourcesBuildPhase;
			buildActionMask = 2147483647;
			files = (
				0800993524A209D600B482DB /* MoreTableViewCell.swift in Sources */,
				0800992F24A0DE2600B482DB /* ImageCollectionViewCell.swift in Sources */,
				0800992D24A0DDB100B482DB /* ImageCollectionViewController.swift in Sources */,
				082C9C5F24AF381900EFE33C /* ImageFetcher.swift in Sources */,
				0800992A24A0D03900B482DB /* NavigationBarViewController.swift in Sources */,
				0800993124A2025C00B482DB /* MoreTableViewController.swift in Sources */,
				0800991524A0C6EC00B482DB /* ViewController.swift in Sources */,
				0800991124A0C6EC00B482DB /* AppDelegate.swift in Sources */,
				0800991324A0C6EC00B482DB /* SceneDelegate.swift in Sources */,
				082C9C6124AF3B9800EFE33C /* ImageUIComposer.swift in Sources */,
			);
			runOnlyForDeploymentPostprocessing = 0;
		};
/* End PBXSourcesBuildPhase section */

/* Begin PBXVariantGroup section */
		0800991624A0C6EC00B482DB /* Main.storyboard */ = {
			isa = PBXVariantGroup;
			children = (
				0800991724A0C6EC00B482DB /* Base */,
			);
			name = Main.storyboard;
			sourceTree = "<group>";
		};
		0800991B24A0C6ED00B482DB /* LaunchScreen.storyboard */ = {
			isa = PBXVariantGroup;
			children = (
				0800991C24A0C6ED00B482DB /* Base */,
			);
			name = LaunchScreen.storyboard;
			sourceTree = "<group>";
		};
/* End PBXVariantGroup section */

/* Begin XCBuildConfiguration section */
		0800991F24A0C6ED00B482DB /* Debug */ = {
			isa = XCBuildConfiguration;
			buildSettings = {
				ALWAYS_SEARCH_USER_PATHS = NO;
				CLANG_ANALYZER_NONNULL = YES;
				CLANG_ANALYZER_NUMBER_OBJECT_CONVERSION = YES_AGGRESSIVE;
				CLANG_CXX_LANGUAGE_STANDARD = "gnu++14";
				CLANG_CXX_LIBRARY = "libc++";
				CLANG_ENABLE_MODULES = YES;
				CLANG_ENABLE_OBJC_ARC = YES;
				CLANG_ENABLE_OBJC_WEAK = YES;
				CLANG_WARN_BLOCK_CAPTURE_AUTORELEASING = YES;
				CLANG_WARN_BOOL_CONVERSION = YES;
				CLANG_WARN_COMMA = YES;
				CLANG_WARN_CONSTANT_CONVERSION = YES;
				CLANG_WARN_DEPRECATED_OBJC_IMPLEMENTATIONS = YES;
				CLANG_WARN_DIRECT_OBJC_ISA_USAGE = YES_ERROR;
				CLANG_WARN_DOCUMENTATION_COMMENTS = YES;
				CLANG_WARN_EMPTY_BODY = YES;
				CLANG_WARN_ENUM_CONVERSION = YES;
				CLANG_WARN_INFINITE_RECURSION = YES;
				CLANG_WARN_INT_CONVERSION = YES;
				CLANG_WARN_NON_LITERAL_NULL_CONVERSION = YES;
				CLANG_WARN_OBJC_IMPLICIT_RETAIN_SELF = YES;
				CLANG_WARN_OBJC_LITERAL_CONVERSION = YES;
				CLANG_WARN_OBJC_ROOT_CLASS = YES_ERROR;
				CLANG_WARN_RANGE_LOOP_ANALYSIS = YES;
				CLANG_WARN_STRICT_PROTOTYPES = YES;
				CLANG_WARN_SUSPICIOUS_MOVE = YES;
				CLANG_WARN_UNGUARDED_AVAILABILITY = YES_AGGRESSIVE;
				CLANG_WARN_UNREACHABLE_CODE = YES;
				CLANG_WARN__DUPLICATE_METHOD_MATCH = YES;
				COPY_PHASE_STRIP = NO;
				DEBUG_INFORMATION_FORMAT = dwarf;
				ENABLE_STRICT_OBJC_MSGSEND = YES;
				ENABLE_TESTABILITY = YES;
				GCC_C_LANGUAGE_STANDARD = gnu11;
				GCC_DYNAMIC_NO_PIC = NO;
				GCC_NO_COMMON_BLOCKS = YES;
				GCC_OPTIMIZATION_LEVEL = 0;
				GCC_PREPROCESSOR_DEFINITIONS = (
					"DEBUG=1",
					"$(inherited)",
				);
				GCC_WARN_64_TO_32_BIT_CONVERSION = YES;
				GCC_WARN_ABOUT_RETURN_TYPE = YES_ERROR;
				GCC_WARN_UNDECLARED_SELECTOR = YES;
				GCC_WARN_UNINITIALIZED_AUTOS = YES_AGGRESSIVE;
				GCC_WARN_UNUSED_FUNCTION = YES;
				GCC_WARN_UNUSED_VARIABLE = YES;
				IPHONEOS_DEPLOYMENT_TARGET = 13.5;
				MTL_ENABLE_DEBUG_INFO = INCLUDE_SOURCE;
				MTL_FAST_MATH = YES;
				ONLY_ACTIVE_ARCH = YES;
				SDKROOT = iphoneos;
				SWIFT_ACTIVE_COMPILATION_CONDITIONS = DEBUG;
				SWIFT_OPTIMIZATION_LEVEL = "-Onone";
			};
			name = Debug;
		};
		0800992024A0C6ED00B482DB /* Release */ = {
			isa = XCBuildConfiguration;
			buildSettings = {
				ALWAYS_SEARCH_USER_PATHS = NO;
				CLANG_ANALYZER_NONNULL = YES;
				CLANG_ANALYZER_NUMBER_OBJECT_CONVERSION = YES_AGGRESSIVE;
				CLANG_CXX_LANGUAGE_STANDARD = "gnu++14";
				CLANG_CXX_LIBRARY = "libc++";
				CLANG_ENABLE_MODULES = YES;
				CLANG_ENABLE_OBJC_ARC = YES;
				CLANG_ENABLE_OBJC_WEAK = YES;
				CLANG_WARN_BLOCK_CAPTURE_AUTORELEASING = YES;
				CLANG_WARN_BOOL_CONVERSION = YES;
				CLANG_WARN_COMMA = YES;
				CLANG_WARN_CONSTANT_CONVERSION = YES;
				CLANG_WARN_DEPRECATED_OBJC_IMPLEMENTATIONS = YES;
				CLANG_WARN_DIRECT_OBJC_ISA_USAGE = YES_ERROR;
				CLANG_WARN_DOCUMENTATION_COMMENTS = YES;
				CLANG_WARN_EMPTY_BODY = YES;
				CLANG_WARN_ENUM_CONVERSION = YES;
				CLANG_WARN_INFINITE_RECURSION = YES;
				CLANG_WARN_INT_CONVERSION = YES;
				CLANG_WARN_NON_LITERAL_NULL_CONVERSION = YES;
				CLANG_WARN_OBJC_IMPLICIT_RETAIN_SELF = YES;
				CLANG_WARN_OBJC_LITERAL_CONVERSION = YES;
				CLANG_WARN_OBJC_ROOT_CLASS = YES_ERROR;
				CLANG_WARN_RANGE_LOOP_ANALYSIS = YES;
				CLANG_WARN_STRICT_PROTOTYPES = YES;
				CLANG_WARN_SUSPICIOUS_MOVE = YES;
				CLANG_WARN_UNGUARDED_AVAILABILITY = YES_AGGRESSIVE;
				CLANG_WARN_UNREACHABLE_CODE = YES;
				CLANG_WARN__DUPLICATE_METHOD_MATCH = YES;
				COPY_PHASE_STRIP = NO;
				DEBUG_INFORMATION_FORMAT = "dwarf-with-dsym";
				ENABLE_NS_ASSERTIONS = NO;
				ENABLE_STRICT_OBJC_MSGSEND = YES;
				GCC_C_LANGUAGE_STANDARD = gnu11;
				GCC_NO_COMMON_BLOCKS = YES;
				GCC_WARN_64_TO_32_BIT_CONVERSION = YES;
				GCC_WARN_ABOUT_RETURN_TYPE = YES_ERROR;
				GCC_WARN_UNDECLARED_SELECTOR = YES;
				GCC_WARN_UNINITIALIZED_AUTOS = YES_AGGRESSIVE;
				GCC_WARN_UNUSED_FUNCTION = YES;
				GCC_WARN_UNUSED_VARIABLE = YES;
				IPHONEOS_DEPLOYMENT_TARGET = 13.5;
				MTL_ENABLE_DEBUG_INFO = NO;
				MTL_FAST_MATH = YES;
				SDKROOT = iphoneos;
				SWIFT_COMPILATION_MODE = wholemodule;
				SWIFT_OPTIMIZATION_LEVEL = "-O";
				VALIDATE_PRODUCT = YES;
			};
			name = Release;
		};
		0800992224A0C6ED00B482DB /* Debug */ = {
			isa = XCBuildConfiguration;
			buildSettings = {
				ASSETCATALOG_COMPILER_APPICON_NAME = AppIcon;
				CODE_SIGN_STYLE = Automatic;
				FRAMEWORK_SEARCH_PATHS = (
					"$(PROJECT_DIR)",
					"$(SCRROOT)",
				);
				INFOPLIST_FILE = Image/Info.plist;
				LD_RUNPATH_SEARCH_PATHS = (
					"$(inherited)",
					"@executable_path/Frameworks",
				);
				PRODUCT_BUNDLE_IDENTIFIER = com.millwright.Image;
				PRODUCT_NAME = "$(TARGET_NAME)";
				SWIFT_VERSION = 5.0;
				TARGETED_DEVICE_FAMILY = "1,2";
			};
			name = Debug;
		};
		0800992324A0C6ED00B482DB /* Release */ = {
			isa = XCBuildConfiguration;
			buildSettings = {
				ASSETCATALOG_COMPILER_APPICON_NAME = AppIcon;
				CODE_SIGN_STYLE = Automatic;
				FRAMEWORK_SEARCH_PATHS = (
					"$(PROJECT_DIR)",
					"$(SCRROOT)",
				);
				INFOPLIST_FILE = Image/Info.plist;
				LD_RUNPATH_SEARCH_PATHS = (
					"$(inherited)",
					"@executable_path/Frameworks",
				);
				PRODUCT_BUNDLE_IDENTIFIER = com.millwright.Image;
				PRODUCT_NAME = "$(TARGET_NAME)";
				SWIFT_VERSION = 5.0;
				TARGETED_DEVICE_FAMILY = "1,2";
			};
			name = Release;
		};
/* End XCBuildConfiguration section */

/* Begin XCConfigurationList section */
		0800990824A0C6EC00B482DB /* Build configuration list for PBXProject "Image" */ = {
			isa = XCConfigurationList;
			buildConfigurations = (
				0800991F24A0C6ED00B482DB /* Debug */,
				0800992024A0C6ED00B482DB /* Release */,
			);
			defaultConfigurationIsVisible = 0;
			defaultConfigurationName = Release;
		};
		0800992124A0C6ED00B482DB /* Build configuration list for PBXNativeTarget "Image" */ = {
			isa = XCConfigurationList;
			buildConfigurations = (
				0800992224A0C6ED00B482DB /* Debug */,
				0800992324A0C6ED00B482DB /* Release */,
			);
			defaultConfigurationIsVisible = 0;
			defaultConfigurationName = Release;
		};
/* End XCConfigurationList section */
	};
	rootObject = 0800990524A0C6EC00B482DB /* Project object */;
}
